{
  "name": "personal",
  "requires": true,
  "lockfileVersion": 1,
  "dependencies": {
    "lottie-web": {
      "version": "5.5.5",
      "resolved": "https://registry.npmjs.org/lottie-web/-/lottie-web-5.5.5.tgz",
      "integrity": "sha512-y4K2iurSd2279WUW12OPzfDFpYjzHnz1fKwIaaSdD/rHdrOQHLiY7sZraHW0LZNH+Y5Ezerr0rjag7lZIcRzQQ=="
    }
  }
}
