# THIS IS AN AUTOGENERATED FILE. DO NOT EDIT THIS FILE DIRECTLY.
# yarn lockfile v1


lottie-web@^5.5.5:
  version "5.5.10"
  resolved "https://registry.yarnpkg.com/lottie-web/-/lottie-web-5.5.10.tgz#7ca10af84a139cb1db772f686cc33ac101ece46d"
  integrity sha512-8U/WSNKx4y3JdGq1lZh8Phuz/pQsiM6BGQ/rNFjLPGJSaKQ92VTVN7NAOHUsvV0bywsC+ShBWSVUhbuP3NV2tg==
